// !$*UTF8*$!
{
	archiveVersion = 1;
	classes = {
	};
	objectVersion = 51;
	objects = {

/* Begin PBXBuildFile section */
		2E9A8D8C4EC210309303C29F /* Pods_ethereum_signerTests.framework in Frameworks */ = {isa = PBXBuildFile; fileRef = 7AE06FC5F0350A7DBE75909C /* Pods_ethereum_signerTests.framework */; };
		3F8363C244856E4F11D36147 /* Pods_ethereum_signer.framework in Frameworks */ = {isa = PBXBuildFile; fileRef = DB62FE603D2FAF73682EBF2D /* Pods_ethereum_signer.framework */; };
		A30499087B91B1274756E7EB /* Pods_ethereum_signer_ethereum_signerUITests.framework in Frameworks */ = {isa = PBXBuildFile; fileRef = 554FF72705B8E9BB1A109FEF /* Pods_ethereum_signer_ethereum_signerUITests.framework */; };
		D5021F2123F7FE7900DB2C4B /* AppDelegate.swift in Sources */ = {isa = PBXBuildFile; fileRef = D5021F2023F7FE7900DB2C4B /* AppDelegate.swift */; };
		D5021F2323F7FE7900DB2C4B /* SceneDelegate.swift in Sources */ = {isa = PBXBuildFile; fileRef = D5021F2223F7FE7900DB2C4B /* SceneDelegate.swift */; };
		D5021F2523F7FE7900DB2C4B /* StartViewController.swift in Sources */ = {isa = PBXBuildFile; fileRef = D5021F2423F7FE7900DB2C4B /* StartViewController.swift */; };
		D5021F2823F7FE7900DB2C4B /* Main.storyboard in Resources */ = {isa = PBXBuildFile; fileRef = D5021F2623F7FE7900DB2C4B /* Main.storyboard */; };
		D5021F2A23F7FE7A00DB2C4B /* Assets.xcassets in Resources */ = {isa = PBXBuildFile; fileRef = D5021F2923F7FE7A00DB2C4B /* Assets.xcassets */; };
		D5021F2D23F7FE7A00DB2C4B /* LaunchScreen.storyboard in Resources */ = {isa = PBXBuildFile; fileRef = D5021F2B23F7FE7A00DB2C4B /* LaunchScreen.storyboard */; };
		D5021F3823F7FE7A00DB2C4B /* EthereumSignerTests.swift in Sources */ = {isa = PBXBuildFile; fileRef = D5021F3723F7FE7A00DB2C4B /* EthereumSignerTests.swift */; };
		D5021F4323F7FE7A00DB2C4B /* EthereumSignerUITests.swift in Sources */ = {isa = PBXBuildFile; fileRef = D5021F4223F7FE7A00DB2C4B /* EthereumSignerUITests.swift */; };
		D5021F5723F803ED00DB2C4B /* EnvironmentConfiguration.swift in Sources */ = {isa = PBXBuildFile; fileRef = D5021F5623F803ED00DB2C4B /* EnvironmentConfiguration.swift */; };
		D5021F5923F806A200DB2C4B /* Environment.swift in Sources */ = {isa = PBXBuildFile; fileRef = D5021F5823F806A200DB2C4B /* Environment.swift */; };
		D525FF8123F94A7600A0470E /* SetupViewController.swift in Sources */ = {isa = PBXBuildFile; fileRef = D525FF8023F94A7600A0470E /* SetupViewController.swift */; };
		D525FF8523F94B9400A0470E /* Storyboard.swift in Sources */ = {isa = PBXBuildFile; fileRef = D525FF8423F94B9300A0470E /* Storyboard.swift */; };
		D525FF8723F94BCE00A0470E /* UIViewController.swift in Sources */ = {isa = PBXBuildFile; fileRef = D525FF8623F94BCE00A0470E /* UIViewController.swift */; };
		D525FF8A23F9544800A0470E /* Constants.swift in Sources */ = {isa = PBXBuildFile; fileRef = D525FF8923F9544800A0470E /* Constants.swift */; };
		D525FF8D23F95E0400A0470E /* EthereumClient.swift in Sources */ = {isa = PBXBuildFile; fileRef = D525FF8C23F95E0400A0470E /* EthereumClient.swift */; };
		D525FF9023F9655E00A0470E /* SetupContract.swift in Sources */ = {isa = PBXBuildFile; fileRef = D525FF8F23F9655E00A0470E /* SetupContract.swift */; };
		D525FF9223F9665400A0470E /* SetupViewModel.swift in Sources */ = {isa = PBXBuildFile; fileRef = D525FF9123F9665400A0470E /* SetupViewModel.swift */; };
		D55A5AD223F9797F00B34A2C /* AccountViewController.swift in Sources */ = {isa = PBXBuildFile; fileRef = D55A5AD123F9797F00B34A2C /* AccountViewController.swift */; };
		D55A5AD423F979C500B34A2C /* AccountViewModel.swift in Sources */ = {isa = PBXBuildFile; fileRef = D55A5AD323F979C500B34A2C /* AccountViewModel.swift */; };
		D55A5AD623F979D700B34A2C /* AccountContract.swift in Sources */ = {isa = PBXBuildFile; fileRef = D55A5AD523F979D700B34A2C /* AccountContract.swift */; };
		D55A5AD823F98CAD00B34A2C /* Error.swift in Sources */ = {isa = PBXBuildFile; fileRef = D55A5AD723F98CAD00B34A2C /* Error.swift */; };
/* End PBXBuildFile section */

/* Begin PBXContainerItemProxy section */
		D5021F3423F7FE7A00DB2C4B /* PBXContainerItemProxy */ = {
			isa = PBXContainerItemProxy;
			containerPortal = D5021F1523F7FE7900DB2C4B /* Project object */;
			proxyType = 1;
			remoteGlobalIDString = D5021F1C23F7FE7900DB2C4B;
			remoteInfo = "ethereum-signer";
		};
		D5021F3F23F7FE7A00DB2C4B /* PBXContainerItemProxy */ = {
			isa = PBXContainerItemProxy;
			containerPortal = D5021F1523F7FE7900DB2C4B /* Project object */;
			proxyType = 1;
			remoteGlobalIDString = D5021F1C23F7FE7900DB2C4B;
			remoteInfo = "ethereum-signer";
		};
/* End PBXContainerItemProxy section */

/* Begin PBXFileReference section */
		22D874946C1F52C3644C4E06 /* Pods-ethereum-signer.uat.xcconfig */ = {isa = PBXFileReference; includeInIndex = 1; lastKnownFileType = text.xcconfig; name = "Pods-ethereum-signer.uat.xcconfig"; path = "Target Support Files/Pods-ethereum-signer/Pods-ethereum-signer.uat.xcconfig"; sourceTree = "<group>"; };
		24B9BBA73F118E4DA91BA580 /* Pods-ethereum-signer.sit.xcconfig */ = {isa = PBXFileReference; includeInIndex = 1; lastKnownFileType = text.xcconfig; name = "Pods-ethereum-signer.sit.xcconfig"; path = "Target Support Files/Pods-ethereum-signer/Pods-ethereum-signer.sit.xcconfig"; sourceTree = "<group>"; };
		30B6073D35840E9BCC8FE650 /* Pods-ethereum-signer.production.xcconfig */ = {isa = PBXFileReference; includeInIndex = 1; lastKnownFileType = text.xcconfig; name = "Pods-ethereum-signer.production.xcconfig"; path = "Target Support Files/Pods-ethereum-signer/Pods-ethereum-signer.production.xcconfig"; sourceTree = "<group>"; };
		554FF72705B8E9BB1A109FEF /* Pods_ethereum_signer_ethereum_signerUITests.framework */ = {isa = PBXFileReference; explicitFileType = wrapper.framework; includeInIndex = 0; path = Pods_ethereum_signer_ethereum_signerUITests.framework; sourceTree = BUILT_PRODUCTS_DIR; };
		72F0A25C0BFC77003FCEE308 /* Pods-ethereum-signerTests.dev.xcconfig */ = {isa = PBXFileReference; includeInIndex = 1; lastKnownFileType = text.xcconfig; name = "Pods-ethereum-signerTests.dev.xcconfig"; path = "Target Support Files/Pods-ethereum-signerTests/Pods-ethereum-signerTests.dev.xcconfig"; sourceTree = "<group>"; };
		732DB71BC4A471AB4A69F76B /* Pods-ethereum-signer-ethereum-signerUITests.production.xcconfig */ = {isa = PBXFileReference; includeInIndex = 1; lastKnownFileType = text.xcconfig; name = "Pods-ethereum-signer-ethereum-signerUITests.production.xcconfig"; path = "Target Support Files/Pods-ethereum-signer-ethereum-signerUITests/Pods-ethereum-signer-ethereum-signerUITests.production.xcconfig"; sourceTree = "<group>"; };
		7AE06FC5F0350A7DBE75909C /* Pods_ethereum_signerTests.framework */ = {isa = PBXFileReference; explicitFileType = wrapper.framework; includeInIndex = 0; path = Pods_ethereum_signerTests.framework; sourceTree = BUILT_PRODUCTS_DIR; };
		A43203995A22B8AE9BDA0DC2 /* Pods-ethereum-signer-ethereum-signerUITests.sit.xcconfig */ = {isa = PBXFileReference; includeInIndex = 1; lastKnownFileType = text.xcconfig; name = "Pods-ethereum-signer-ethereum-signerUITests.sit.xcconfig"; path = "Target Support Files/Pods-ethereum-signer-ethereum-signerUITests/Pods-ethereum-signer-ethereum-signerUITests.sit.xcconfig"; sourceTree = "<group>"; };
		BA29F970BBBDBCB934DD82F0 /* Pods-ethereum-signer-ethereum-signerUITests.dev.xcconfig */ = {isa = PBXFileReference; includeInIndex = 1; lastKnownFileType = text.xcconfig; name = "Pods-ethereum-signer-ethereum-signerUITests.dev.xcconfig"; path = "Target Support Files/Pods-ethereum-signer-ethereum-signerUITests/Pods-ethereum-signer-ethereum-signerUITests.dev.xcconfig"; sourceTree = "<group>"; };
		BFB8A36FBF72AF3ED0528386 /* Pods-ethereum-signerTests.sit.xcconfig */ = {isa = PBXFileReference; includeInIndex = 1; lastKnownFileType = text.xcconfig; name = "Pods-ethereum-signerTests.sit.xcconfig"; path = "Target Support Files/Pods-ethereum-signerTests/Pods-ethereum-signerTests.sit.xcconfig"; sourceTree = "<group>"; };
		C41CC63A651FADEFF1AA72FF /* Pods-ethereum-signer-ethereum-signerUITests.uat.xcconfig */ = {isa = PBXFileReference; includeInIndex = 1; lastKnownFileType = text.xcconfig; name = "Pods-ethereum-signer-ethereum-signerUITests.uat.xcconfig"; path = "Target Support Files/Pods-ethereum-signer-ethereum-signerUITests/Pods-ethereum-signer-ethereum-signerUITests.uat.xcconfig"; sourceTree = "<group>"; };
		D5021F1D23F7FE7900DB2C4B /* ethereum-signer.app */ = {isa = PBXFileReference; explicitFileType = wrapper.application; includeInIndex = 0; path = "ethereum-signer.app"; sourceTree = BUILT_PRODUCTS_DIR; };
		D5021F2023F7FE7900DB2C4B /* AppDelegate.swift */ = {isa = PBXFileReference; lastKnownFileType = sourcecode.swift; path = AppDelegate.swift; sourceTree = "<group>"; };
		D5021F2223F7FE7900DB2C4B /* SceneDelegate.swift */ = {isa = PBXFileReference; lastKnownFileType = sourcecode.swift; path = SceneDelegate.swift; sourceTree = "<group>"; };
		D5021F2423F7FE7900DB2C4B /* StartViewController.swift */ = {isa = PBXFileReference; lastKnownFileType = sourcecode.swift; path = StartViewController.swift; sourceTree = "<group>"; };
		D5021F2723F7FE7900DB2C4B /* Base */ = {isa = PBXFileReference; lastKnownFileType = file.storyboard; name = Base; path = Base.lproj/Main.storyboard; sourceTree = "<group>"; };
		D5021F2923F7FE7A00DB2C4B /* Assets.xcassets */ = {isa = PBXFileReference; lastKnownFileType = folder.assetcatalog; path = Assets.xcassets; sourceTree = "<group>"; };
		D5021F2C23F7FE7A00DB2C4B /* Base */ = {isa = PBXFileReference; lastKnownFileType = file.storyboard; name = Base; path = Base.lproj/LaunchScreen.storyboard; sourceTree = "<group>"; };
		D5021F2E23F7FE7A00DB2C4B /* Info.plist */ = {isa = PBXFileReference; lastKnownFileType = text.plist.xml; path = Info.plist; sourceTree = "<group>"; };
		D5021F3323F7FE7A00DB2C4B /* ethereum-signerTests.xctest */ = {isa = PBXFileReference; explicitFileType = wrapper.cfbundle; includeInIndex = 0; path = "ethereum-signerTests.xctest"; sourceTree = BUILT_PRODUCTS_DIR; };
		D5021F3723F7FE7A00DB2C4B /* EthereumSignerTests.swift */ = {isa = PBXFileReference; lastKnownFileType = sourcecode.swift; path = EthereumSignerTests.swift; sourceTree = "<group>"; };
		D5021F3923F7FE7A00DB2C4B /* Info.plist */ = {isa = PBXFileReference; lastKnownFileType = text.plist.xml; path = Info.plist; sourceTree = "<group>"; };
		D5021F3E23F7FE7A00DB2C4B /* ethereum-signerUITests.xctest */ = {isa = PBXFileReference; explicitFileType = wrapper.cfbundle; includeInIndex = 0; path = "ethereum-signerUITests.xctest"; sourceTree = BUILT_PRODUCTS_DIR; };
		D5021F4223F7FE7A00DB2C4B /* EthereumSignerUITests.swift */ = {isa = PBXFileReference; lastKnownFileType = sourcecode.swift; path = EthereumSignerUITests.swift; sourceTree = "<group>"; };
		D5021F4423F7FE7A00DB2C4B /* Info.plist */ = {isa = PBXFileReference; lastKnownFileType = text.plist.xml; path = Info.plist; sourceTree = "<group>"; };
		D5021F5623F803ED00DB2C4B /* EnvironmentConfiguration.swift */ = {isa = PBXFileReference; lastKnownFileType = sourcecode.swift; path = EnvironmentConfiguration.swift; sourceTree = "<group>"; };
		D5021F5823F806A200DB2C4B /* Environment.swift */ = {isa = PBXFileReference; lastKnownFileType = sourcecode.swift; path = Environment.swift; sourceTree = "<group>"; };
		D525FF8023F94A7600A0470E /* SetupViewController.swift */ = {isa = PBXFileReference; lastKnownFileType = sourcecode.swift; path = SetupViewController.swift; sourceTree = "<group>"; };
		D525FF8423F94B9300A0470E /* Storyboard.swift */ = {isa = PBXFileReference; lastKnownFileType = sourcecode.swift; path = Storyboard.swift; sourceTree = "<group>"; };
		D525FF8623F94BCE00A0470E /* UIViewController.swift */ = {isa = PBXFileReference; lastKnownFileType = sourcecode.swift; path = UIViewController.swift; sourceTree = "<group>"; };
		D525FF8923F9544800A0470E /* Constants.swift */ = {isa = PBXFileReference; lastKnownFileType = sourcecode.swift; path = Constants.swift; sourceTree = "<group>"; };
		D525FF8C23F95E0400A0470E /* EthereumClient.swift */ = {isa = PBXFileReference; lastKnownFileType = sourcecode.swift; path = EthereumClient.swift; sourceTree = "<group>"; };
		D525FF8F23F9655E00A0470E /* SetupContract.swift */ = {isa = PBXFileReference; lastKnownFileType = sourcecode.swift; path = SetupContract.swift; sourceTree = "<group>"; };
		D525FF9123F9665400A0470E /* SetupViewModel.swift */ = {isa = PBXFileReference; lastKnownFileType = sourcecode.swift; path = SetupViewModel.swift; sourceTree = "<group>"; };
		D55A5AD123F9797F00B34A2C /* AccountViewController.swift */ = {isa = PBXFileReference; lastKnownFileType = sourcecode.swift; path = AccountViewController.swift; sourceTree = "<group>"; };
		D55A5AD323F979C500B34A2C /* AccountViewModel.swift */ = {isa = PBXFileReference; lastKnownFileType = sourcecode.swift; path = AccountViewModel.swift; sourceTree = "<group>"; };
		D55A5AD523F979D700B34A2C /* AccountContract.swift */ = {isa = PBXFileReference; lastKnownFileType = sourcecode.swift; path = AccountContract.swift; sourceTree = "<group>"; };
		D55A5AD723F98CAD00B34A2C /* Error.swift */ = {isa = PBXFileReference; lastKnownFileType = sourcecode.swift; path = Error.swift; sourceTree = "<group>"; };
		DB62FE603D2FAF73682EBF2D /* Pods_ethereum_signer.framework */ = {isa = PBXFileReference; explicitFileType = wrapper.framework; includeInIndex = 0; path = Pods_ethereum_signer.framework; sourceTree = BUILT_PRODUCTS_DIR; };
		E0985B6DAA1DDE8B0FB4C7D9 /* Pods-ethereum-signerTests.uat.xcconfig */ = {isa = PBXFileReference; includeInIndex = 1; lastKnownFileType = text.xcconfig; name = "Pods-ethereum-signerTests.uat.xcconfig"; path = "Target Support Files/Pods-ethereum-signerTests/Pods-ethereum-signerTests.uat.xcconfig"; sourceTree = "<group>"; };
		EDAEE05F0BAA3728D4B56366 /* Pods-ethereum-signer.dev.xcconfig */ = {isa = PBXFileReference; includeInIndex = 1; lastKnownFileType = text.xcconfig; name = "Pods-ethereum-signer.dev.xcconfig"; path = "Target Support Files/Pods-ethereum-signer/Pods-ethereum-signer.dev.xcconfig"; sourceTree = "<group>"; };
		F7DA8DFF33C484FE1F619720 /* Pods-ethereum-signerTests.production.xcconfig */ = {isa = PBXFileReference; includeInIndex = 1; lastKnownFileType = text.xcconfig; name = "Pods-ethereum-signerTests.production.xcconfig"; path = "Target Support Files/Pods-ethereum-signerTests/Pods-ethereum-signerTests.production.xcconfig"; sourceTree = "<group>"; };
/* End PBXFileReference section */

/* Begin PBXFrameworksBuildPhase section */
		D5021F1A23F7FE7900DB2C4B /* Frameworks */ = {
			isa = PBXFrameworksBuildPhase;
			buildActionMask = 2147483647;
			files = (
				3F8363C244856E4F11D36147 /* Pods_ethereum_signer.framework in Frameworks */,
			);
			runOnlyForDeploymentPostprocessing = 0;
		};
		D5021F3023F7FE7A00DB2C4B /* Frameworks */ = {
			isa = PBXFrameworksBuildPhase;
			buildActionMask = 2147483647;
			files = (
				2E9A8D8C4EC210309303C29F /* Pods_ethereum_signerTests.framework in Frameworks */,
			);
			runOnlyForDeploymentPostprocessing = 0;
		};
		D5021F3B23F7FE7A00DB2C4B /* Frameworks */ = {
			isa = PBXFrameworksBuildPhase;
			buildActionMask = 2147483647;
			files = (
				A30499087B91B1274756E7EB /* Pods_ethereum_signer_ethereum_signerUITests.framework in Frameworks */,
			);
			runOnlyForDeploymentPostprocessing = 0;
		};
/* End PBXFrameworksBuildPhase section */

/* Begin PBXGroup section */
		276FE52120D855A5D920FE36 /* Frameworks */ = {
			isa = PBXGroup;
			children = (
				DB62FE603D2FAF73682EBF2D /* Pods_ethereum_signer.framework */,
				554FF72705B8E9BB1A109FEF /* Pods_ethereum_signer_ethereum_signerUITests.framework */,
				7AE06FC5F0350A7DBE75909C /* Pods_ethereum_signerTests.framework */,
			);
			name = Frameworks;
			sourceTree = "<group>";
		};
		738B319C34AE0DFBF191EE69 /* Pods */ = {
			isa = PBXGroup;
			children = (
				EDAEE05F0BAA3728D4B56366 /* Pods-ethereum-signer.dev.xcconfig */,
				22D874946C1F52C3644C4E06 /* Pods-ethereum-signer.uat.xcconfig */,
				24B9BBA73F118E4DA91BA580 /* Pods-ethereum-signer.sit.xcconfig */,
				30B6073D35840E9BCC8FE650 /* Pods-ethereum-signer.production.xcconfig */,
				BA29F970BBBDBCB934DD82F0 /* Pods-ethereum-signer-ethereum-signerUITests.dev.xcconfig */,
				C41CC63A651FADEFF1AA72FF /* Pods-ethereum-signer-ethereum-signerUITests.uat.xcconfig */,
				A43203995A22B8AE9BDA0DC2 /* Pods-ethereum-signer-ethereum-signerUITests.sit.xcconfig */,
				732DB71BC4A471AB4A69F76B /* Pods-ethereum-signer-ethereum-signerUITests.production.xcconfig */,
				72F0A25C0BFC77003FCEE308 /* Pods-ethereum-signerTests.dev.xcconfig */,
				E0985B6DAA1DDE8B0FB4C7D9 /* Pods-ethereum-signerTests.uat.xcconfig */,
				BFB8A36FBF72AF3ED0528386 /* Pods-ethereum-signerTests.sit.xcconfig */,
				F7DA8DFF33C484FE1F619720 /* Pods-ethereum-signerTests.production.xcconfig */,
			);
			path = Pods;
			sourceTree = "<group>";
		};
		D5021F1423F7FE7900DB2C4B = {
			isa = PBXGroup;
			children = (
				D5021F1F23F7FE7900DB2C4B /* ethereum-signer */,
				D5021F3623F7FE7A00DB2C4B /* ethereum-signerTests */,
				D5021F4123F7FE7A00DB2C4B /* ethereum-signerUITests */,
				D5021F1E23F7FE7900DB2C4B /* Products */,
				738B319C34AE0DFBF191EE69 /* Pods */,
				276FE52120D855A5D920FE36 /* Frameworks */,
			);
			sourceTree = "<group>";
		};
		D5021F1E23F7FE7900DB2C4B /* Products */ = {
			isa = PBXGroup;
			children = (
				D5021F1D23F7FE7900DB2C4B /* ethereum-signer.app */,
				D5021F3323F7FE7A00DB2C4B /* ethereum-signerTests.xctest */,
				D5021F3E23F7FE7A00DB2C4B /* ethereum-signerUITests.xctest */,
			);
			name = Products;
			sourceTree = "<group>";
		};
		D5021F1F23F7FE7900DB2C4B /* ethereum-signer */ = {
			isa = PBXGroup;
			children = (
				D5021F5223F7FFF500DB2C4B /* Sources */,
				D5021F5123F7FFD500DB2C4B /* Resources */,
				D5021F5023F7FFCA00DB2C4B /* Supporting Files */,
			);
			path = "ethereum-signer";
			sourceTree = "<group>";
		};
		D5021F3623F7FE7A00DB2C4B /* ethereum-signerTests */ = {
			isa = PBXGroup;
			children = (
				D5021F3723F7FE7A00DB2C4B /* EthereumSignerTests.swift */,
				D5021F3923F7FE7A00DB2C4B /* Info.plist */,
			);
			path = "ethereum-signerTests";
			sourceTree = "<group>";
		};
		D5021F4123F7FE7A00DB2C4B /* ethereum-signerUITests */ = {
			isa = PBXGroup;
			children = (
				D5021F4223F7FE7A00DB2C4B /* EthereumSignerUITests.swift */,
				D5021F4423F7FE7A00DB2C4B /* Info.plist */,
			);
			path = "ethereum-signerUITests";
			sourceTree = "<group>";
		};
		D5021F5023F7FFCA00DB2C4B /* Supporting Files */ = {
			isa = PBXGroup;
			children = (
				D5021F2023F7FE7900DB2C4B /* AppDelegate.swift */,
				D5021F2223F7FE7900DB2C4B /* SceneDelegate.swift */,
				D5021F2E23F7FE7A00DB2C4B /* Info.plist */,
				D5021F5623F803ED00DB2C4B /* EnvironmentConfiguration.swift */,
				D5021F5823F806A200DB2C4B /* Environment.swift */,
			);
			path = "Supporting Files";
			sourceTree = "<group>";
		};
		D5021F5123F7FFD500DB2C4B /* Resources */ = {
			isa = PBXGroup;
			children = (
				D5021F2923F7FE7A00DB2C4B /* Assets.xcassets */,
			);
			path = Resources;
			sourceTree = "<group>";
		};
		D5021F5223F7FFF500DB2C4B /* Sources */ = {
			isa = PBXGroup;
			children = (
				D525FF8823F9541400A0470E /* Constants */,
				D525FF8B23F95DE200A0470E /* Client */,
				D525FF8223F94B4600A0470E /* Utils */,
				D5021F5523F800B800DB2C4B /* Views */,
				D5021F5423F800A600DB2C4B /* Storyboards */,
			);
			path = Sources;
			sourceTree = "<group>";
		};
		D5021F5423F800A600DB2C4B /* Storyboards */ = {
			isa = PBXGroup;
			children = (
				D5021F2623F7FE7900DB2C4B /* Main.storyboard */,
				D5021F2B23F7FE7A00DB2C4B /* LaunchScreen.storyboard */,
			);
			path = Storyboards;
			sourceTree = "<group>";
		};
		D5021F5523F800B800DB2C4B /* Views */ = {
			isa = PBXGroup;
			children = (
				D525FF9323F967DC00A0470E /* Start */,
				D525FF8E23F9653600A0470E /* Setup */,
				D55A5AD023F9794E00B34A2C /* Account */,
			);
			path = Views;
			sourceTree = "<group>";
		};
		D525FF8223F94B4600A0470E /* Utils */ = {
			isa = PBXGroup;
			children = (
				D525FF8323F94B5300A0470E /* Extensions */,
				D525FF8423F94B9300A0470E /* Storyboard.swift */,
			);
			path = Utils;
			sourceTree = "<group>";
		};
		D525FF8323F94B5300A0470E /* Extensions */ = {
			isa = PBXGroup;
			children = (
				D525FF8623F94BCE00A0470E /* UIViewController.swift */,
				D55A5AD723F98CAD00B34A2C /* Error.swift */,
			);
			path = Extensions;
			sourceTree = "<group>";
		};
		D525FF8823F9541400A0470E /* Constants */ = {
			isa = PBXGroup;
			children = (
				D525FF8923F9544800A0470E /* Constants.swift */,
			);
			path = Constants;
			sourceTree = "<group>";
		};
		D525FF8B23F95DE200A0470E /* Client */ = {
			isa = PBXGroup;
			children = (
				D525FF8C23F95E0400A0470E /* EthereumClient.swift */,
			);
			path = Client;
			sourceTree = "<group>";
		};
		D525FF8E23F9653600A0470E /* Setup */ = {
			isa = PBXGroup;
			children = (
				D525FF8F23F9655E00A0470E /* SetupContract.swift */,
				D525FF9123F9665400A0470E /* SetupViewModel.swift */,
				D525FF8023F94A7600A0470E /* SetupViewController.swift */,
			);
			path = Setup;
			sourceTree = "<group>";
		};
		D525FF9323F967DC00A0470E /* Start */ = {
			isa = PBXGroup;
			children = (
				D5021F2423F7FE7900DB2C4B /* StartViewController.swift */,
			);
			path = Start;
			sourceTree = "<group>";
		};
		D55A5AD023F9794E00B34A2C /* Account */ = {
			isa = PBXGroup;
			children = (
				D55A5AD523F979D700B34A2C /* AccountContract.swift */,
				D55A5AD323F979C500B34A2C /* AccountViewModel.swift */,
				D55A5AD123F9797F00B34A2C /* AccountViewController.swift */,
			);
			path = Account;
			sourceTree = "<group>";
		};
/* End PBXGroup section */

/* Begin PBXNativeTarget section */
		D5021F1C23F7FE7900DB2C4B /* ethereum-signer */ = {
			isa = PBXNativeTarget;
			buildConfigurationList = D5021F4723F7FE7A00DB2C4B /* Build configuration list for PBXNativeTarget "ethereum-signer" */;
			buildPhases = (
				6A267B8DBC3DA558D184B2A4 /* [CP] Check Pods Manifest.lock */,
				D5021F1923F7FE7900DB2C4B /* Sources */,
				D5021F1A23F7FE7900DB2C4B /* Frameworks */,
				D5021F1B23F7FE7900DB2C4B /* Resources */,
				D5021F6223F82FB100DB2C4B /* Swift Lint Run Script */,
				E628AF53353982F9A2DBD09E /* [CP] Embed Pods Frameworks */,
			);
			buildRules = (
			);
			dependencies = (
			);
			name = "ethereum-signer";
			productName = "ethereum-signer";
			productReference = D5021F1D23F7FE7900DB2C4B /* ethereum-signer.app */;
			productType = "com.apple.product-type.application";
		};
		D5021F3223F7FE7A00DB2C4B /* ethereum-signerTests */ = {
			isa = PBXNativeTarget;
			buildConfigurationList = D5021F4A23F7FE7A00DB2C4B /* Build configuration list for PBXNativeTarget "ethereum-signerTests" */;
			buildPhases = (
				AF1A442F76381394DEE522DE /* [CP] Check Pods Manifest.lock */,
				D5021F2F23F7FE7A00DB2C4B /* Sources */,
				D5021F3023F7FE7A00DB2C4B /* Frameworks */,
				D5021F3123F7FE7A00DB2C4B /* Resources */,
			);
			buildRules = (
			);
			dependencies = (
				D5021F3523F7FE7A00DB2C4B /* PBXTargetDependency */,
			);
			name = "ethereum-signerTests";
			productName = "ethereum-signerTests";
			productReference = D5021F3323F7FE7A00DB2C4B /* ethereum-signerTests.xctest */;
			productType = "com.apple.product-type.bundle.unit-test";
		};
		D5021F3D23F7FE7A00DB2C4B /* ethereum-signerUITests */ = {
			isa = PBXNativeTarget;
			buildConfigurationList = D5021F4D23F7FE7A00DB2C4B /* Build configuration list for PBXNativeTarget "ethereum-signerUITests" */;
			buildPhases = (
				4C1045E6D6AD49A673488D48 /* [CP] Check Pods Manifest.lock */,
				D5021F3A23F7FE7A00DB2C4B /* Sources */,
				D5021F3B23F7FE7A00DB2C4B /* Frameworks */,
				D5021F3C23F7FE7A00DB2C4B /* Resources */,
				E5E511B76833DB16415B5C6E /* [CP] Embed Pods Frameworks */,
			);
			buildRules = (
			);
			dependencies = (
				D5021F4023F7FE7A00DB2C4B /* PBXTargetDependency */,
			);
			name = "ethereum-signerUITests";
			productName = "ethereum-signerUITests";
			productReference = D5021F3E23F7FE7A00DB2C4B /* ethereum-signerUITests.xctest */;
			productType = "com.apple.product-type.bundle.ui-testing";
		};
/* End PBXNativeTarget section */

/* Begin PBXProject section */
		D5021F1523F7FE7900DB2C4B /* Project object */ = {
			isa = PBXProject;
			attributes = {
				LastSwiftUpdateCheck = 1130;
				LastUpgradeCheck = 1130;
				ORGANIZATIONNAME = "Parth Adroja";
				TargetAttributes = {
					D5021F1C23F7FE7900DB2C4B = {
						CreatedOnToolsVersion = 11.3.1;
					};
					D5021F3223F7FE7A00DB2C4B = {
						CreatedOnToolsVersion = 11.3.1;
						TestTargetID = D5021F1C23F7FE7900DB2C4B;
					};
					D5021F3D23F7FE7A00DB2C4B = {
						CreatedOnToolsVersion = 11.3.1;
						TestTargetID = D5021F1C23F7FE7900DB2C4B;
					};
				};
			};
			buildConfigurationList = D5021F1823F7FE7900DB2C4B /* Build configuration list for PBXProject "ethereum-signer" */;
			compatibilityVersion = "Xcode 9.3";
			developmentRegion = en;
			hasScannedForEncodings = 0;
			knownRegions = (
				en,
				Base,
			);
			mainGroup = D5021F1423F7FE7900DB2C4B;
			productRefGroup = D5021F1E23F7FE7900DB2C4B /* Products */;
			projectDirPath = "";
			projectRoot = "";
			targets = (
				D5021F1C23F7FE7900DB2C4B /* ethereum-signer */,
				D5021F3223F7FE7A00DB2C4B /* ethereum-signerTests */,
				D5021F3D23F7FE7A00DB2C4B /* ethereum-signerUITests */,
			);
		};
/* End PBXProject section */

/* Begin PBXResourcesBuildPhase section */
		D5021F1B23F7FE7900DB2C4B /* Resources */ = {
			isa = PBXResourcesBuildPhase;
			buildActionMask = 2147483647;
			files = (
				D5021F2D23F7FE7A00DB2C4B /* LaunchScreen.storyboard in Resources */,
				D5021F2A23F7FE7A00DB2C4B /* Assets.xcassets in Resources */,
				D5021F2823F7FE7900DB2C4B /* Main.storyboard in Resources */,
			);
			runOnlyForDeploymentPostprocessing = 0;
		};
		D5021F3123F7FE7A00DB2C4B /* Resources */ = {
			isa = PBXResourcesBuildPhase;
			buildActionMask = 2147483647;
			files = (
			);
			runOnlyForDeploymentPostprocessing = 0;
		};
		D5021F3C23F7FE7A00DB2C4B /* Resources */ = {
			isa = PBXResourcesBuildPhase;
			buildActionMask = 2147483647;
			files = (
			);
			runOnlyForDeploymentPostprocessing = 0;
		};
/* End PBXResourcesBuildPhase section */

/* Begin PBXShellScriptBuildPhase section */
		4C1045E6D6AD49A673488D48 /* [CP] Check Pods Manifest.lock */ = {
			isa = PBXShellScriptBuildPhase;
			buildActionMask = 2147483647;
			files = (
			);
			inputFileListPaths = (
			);
			inputPaths = (
				"${PODS_PODFILE_DIR_PATH}/Podfile.lock",
				"${PODS_ROOT}/Manifest.lock",
			);
			name = "[CP] Check Pods Manifest.lock";
			outputFileListPaths = (
			);
			outputPaths = (
				"$(DERIVED_FILE_DIR)/Pods-ethereum-signer-ethereum-signerUITests-checkManifestLockResult.txt",
			);
			runOnlyForDeploymentPostprocessing = 0;
			shellPath = /bin/sh;
			shellScript = "diff \"${PODS_PODFILE_DIR_PATH}/Podfile.lock\" \"${PODS_ROOT}/Manifest.lock\" > /dev/null\nif [ $? != 0 ] ; then\n    # print error to STDERR\n    echo \"error: The sandbox is not in sync with the Podfile.lock. Run 'pod install' or update your CocoaPods installation.\" >&2\n    exit 1\nfi\n# This output is used by Xcode 'outputs' to avoid re-running this script phase.\necho \"SUCCESS\" > \"${SCRIPT_OUTPUT_FILE_0}\"\n";
			showEnvVarsInLog = 0;
		};
		6A267B8DBC3DA558D184B2A4 /* [CP] Check Pods Manifest.lock */ = {
			isa = PBXShellScriptBuildPhase;
			buildActionMask = 2147483647;
			files = (
			);
			inputFileListPaths = (
			);
			inputPaths = (
				"${PODS_PODFILE_DIR_PATH}/Podfile.lock",
				"${PODS_ROOT}/Manifest.lock",
			);
			name = "[CP] Check Pods Manifest.lock";
			outputFileListPaths = (
			);
			outputPaths = (
				"$(DERIVED_FILE_DIR)/Pods-ethereum-signer-checkManifestLockResult.txt",
			);
			runOnlyForDeploymentPostprocessing = 0;
			shellPath = /bin/sh;
			shellScript = "diff \"${PODS_PODFILE_DIR_PATH}/Podfile.lock\" \"${PODS_ROOT}/Manifest.lock\" > /dev/null\nif [ $? != 0 ] ; then\n    # print error to STDERR\n    echo \"error: The sandbox is not in sync with the Podfile.lock. Run 'pod install' or update your CocoaPods installation.\" >&2\n    exit 1\nfi\n# This output is used by Xcode 'outputs' to avoid re-running this script phase.\necho \"SUCCESS\" > \"${SCRIPT_OUTPUT_FILE_0}\"\n";
			showEnvVarsInLog = 0;
		};
		AF1A442F76381394DEE522DE /* [CP] Check Pods Manifest.lock */ = {
			isa = PBXShellScriptBuildPhase;
			buildActionMask = 2147483647;
			files = (
			);
			inputFileListPaths = (
			);
			inputPaths = (
				"${PODS_PODFILE_DIR_PATH}/Podfile.lock",
				"${PODS_ROOT}/Manifest.lock",
			);
			name = "[CP] Check Pods Manifest.lock";
			outputFileListPaths = (
			);
			outputPaths = (
				"$(DERIVED_FILE_DIR)/Pods-ethereum-signerTests-checkManifestLockResult.txt",
			);
			runOnlyForDeploymentPostprocessing = 0;
			shellPath = /bin/sh;
			shellScript = "diff \"${PODS_PODFILE_DIR_PATH}/Podfile.lock\" \"${PODS_ROOT}/Manifest.lock\" > /dev/null\nif [ $? != 0 ] ; then\n    # print error to STDERR\n    echo \"error: The sandbox is not in sync with the Podfile.lock. Run 'pod install' or update your CocoaPods installation.\" >&2\n    exit 1\nfi\n# This output is used by Xcode 'outputs' to avoid re-running this script phase.\necho \"SUCCESS\" > \"${SCRIPT_OUTPUT_FILE_0}\"\n";
			showEnvVarsInLog = 0;
		};
		D5021F6223F82FB100DB2C4B /* Swift Lint Run Script */ = {
			isa = PBXShellScriptBuildPhase;
			buildActionMask = 2147483647;
			files = (
			);
			inputFileListPaths = (
			);
			inputPaths = (
			);
			name = "Swift Lint Run Script";
			outputFileListPaths = (
			);
			outputPaths = (
			);
			runOnlyForDeploymentPostprocessing = 0;
			shellPath = /bin/sh;
			shellScript = "\"${PODS_ROOT}/SwiftLint/swiftlint\"\n";
		};
		E5E511B76833DB16415B5C6E /* [CP] Embed Pods Frameworks */ = {
			isa = PBXShellScriptBuildPhase;
			buildActionMask = 2147483647;
			files = (
			);
			inputFileListPaths = (
				"${PODS_ROOT}/Target Support Files/Pods-ethereum-signer-ethereum-signerUITests/Pods-ethereum-signer-ethereum-signerUITests-frameworks-${CONFIGURATION}-input-files.xcfilelist",
			);
			name = "[CP] Embed Pods Frameworks";
			outputFileListPaths = (
				"${PODS_ROOT}/Target Support Files/Pods-ethereum-signer-ethereum-signerUITests/Pods-ethereum-signer-ethereum-signerUITests-frameworks-${CONFIGURATION}-output-files.xcfilelist",
			);
			runOnlyForDeploymentPostprocessing = 0;
			shellPath = /bin/sh;
			shellScript = "\"${PODS_ROOT}/Target Support Files/Pods-ethereum-signer-ethereum-signerUITests/Pods-ethereum-signer-ethereum-signerUITests-frameworks.sh\"\n";
			showEnvVarsInLog = 0;
		};
		E628AF53353982F9A2DBD09E /* [CP] Embed Pods Frameworks */ = {
			isa = PBXShellScriptBuildPhase;
			buildActionMask = 2147483647;
			files = (
			);
			inputFileListPaths = (
				"${PODS_ROOT}/Target Support Files/Pods-ethereum-signer/Pods-ethereum-signer-frameworks-${CONFIGURATION}-input-files.xcfilelist",
			);
			name = "[CP] Embed Pods Frameworks";
			outputFileListPaths = (
				"${PODS_ROOT}/Target Support Files/Pods-ethereum-signer/Pods-ethereum-signer-frameworks-${CONFIGURATION}-output-files.xcfilelist",
			);
			runOnlyForDeploymentPostprocessing = 0;
			shellPath = /bin/sh;
			shellScript = "\"${PODS_ROOT}/Target Support Files/Pods-ethereum-signer/Pods-ethereum-signer-frameworks.sh\"\n";
			showEnvVarsInLog = 0;
		};
/* End PBXShellScriptBuildPhase section */

/* Begin PBXSourcesBuildPhase section */
		D5021F1923F7FE7900DB2C4B /* Sources */ = {
			isa = PBXSourcesBuildPhase;
			buildActionMask = 2147483647;
			files = (
				D55A5AD823F98CAD00B34A2C /* Error.swift in Sources */,
				D5021F2523F7FE7900DB2C4B /* StartViewController.swift in Sources */,
				D525FF8A23F9544800A0470E /* Constants.swift in Sources */,
				D55A5AD223F9797F00B34A2C /* AccountViewController.swift in Sources */,
				D5021F2123F7FE7900DB2C4B /* AppDelegate.swift in Sources */,
				D525FF8D23F95E0400A0470E /* EthereumClient.swift in Sources */,
				D525FF9223F9665400A0470E /* SetupViewModel.swift in Sources */,
				D5021F5723F803ED00DB2C4B /* EnvironmentConfiguration.swift in Sources */,
				D525FF8523F94B9400A0470E /* Storyboard.swift in Sources */,
				D55A5AD623F979D700B34A2C /* AccountContract.swift in Sources */,
				D55A5AD423F979C500B34A2C /* AccountViewModel.swift in Sources */,
				D5021F2323F7FE7900DB2C4B /* SceneDelegate.swift in Sources */,
				D525FF8123F94A7600A0470E /* SetupViewController.swift in Sources */,
				D525FF8723F94BCE00A0470E /* UIViewController.swift in Sources */,
				D5021F5923F806A200DB2C4B /* Environment.swift in Sources */,
				D525FF9023F9655E00A0470E /* SetupContract.swift in Sources */,
			);
			runOnlyForDeploymentPostprocessing = 0;
		};
		D5021F2F23F7FE7A00DB2C4B /* Sources */ = {
			isa = PBXSourcesBuildPhase;
			buildActionMask = 2147483647;
			files = (
				D5021F3823F7FE7A00DB2C4B /* EthereumSignerTests.swift in Sources */,
			);
			runOnlyForDeploymentPostprocessing = 0;
		};
		D5021F3A23F7FE7A00DB2C4B /* Sources */ = {
			isa = PBXSourcesBuildPhase;
			buildActionMask = 2147483647;
			files = (
				D5021F4323F7FE7A00DB2C4B /* EthereumSignerUITests.swift in Sources */,
			);
			runOnlyForDeploymentPostprocessing = 0;
		};
/* End PBXSourcesBuildPhase section */

/* Begin PBXTargetDependency section */
		D5021F3523F7FE7A00DB2C4B /* PBXTargetDependency */ = {
			isa = PBXTargetDependency;
			target = D5021F1C23F7FE7900DB2C4B /* ethereum-signer */;
			targetProxy = D5021F3423F7FE7A00DB2C4B /* PBXContainerItemProxy */;
		};
		D5021F4023F7FE7A00DB2C4B /* PBXTargetDependency */ = {
			isa = PBXTargetDependency;
			target = D5021F1C23F7FE7900DB2C4B /* ethereum-signer */;
			targetProxy = D5021F3F23F7FE7A00DB2C4B /* PBXContainerItemProxy */;
		};
/* End PBXTargetDependency section */

/* Begin PBXVariantGroup section */
		D5021F2623F7FE7900DB2C4B /* Main.storyboard */ = {
			isa = PBXVariantGroup;
			children = (
				D5021F2723F7FE7900DB2C4B /* Base */,
			);
			name = Main.storyboard;
			sourceTree = "<group>";
		};
		D5021F2B23F7FE7A00DB2C4B /* LaunchScreen.storyboard */ = {
			isa = PBXVariantGroup;
			children = (
				D5021F2C23F7FE7A00DB2C4B /* Base */,
			);
			name = LaunchScreen.storyboard;
			sourceTree = "<group>";
		};
/* End PBXVariantGroup section */

/* Begin XCBuildConfiguration section */
		D5021F4523F7FE7A00DB2C4B /* DEV */ = {
			isa = XCBuildConfiguration;
			buildSettings = {
				ALWAYS_SEARCH_USER_PATHS = NO;
				CLANG_ANALYZER_NONNULL = YES;
				CLANG_ANALYZER_NUMBER_OBJECT_CONVERSION = YES_AGGRESSIVE;
				CLANG_CXX_LANGUAGE_STANDARD = "gnu++14";
				CLANG_CXX_LIBRARY = "libc++";
				CLANG_ENABLE_MODULES = YES;
				CLANG_ENABLE_OBJC_ARC = YES;
				CLANG_ENABLE_OBJC_WEAK = YES;
				CLANG_WARN_BLOCK_CAPTURE_AUTORELEASING = YES;
				CLANG_WARN_BOOL_CONVERSION = YES;
				CLANG_WARN_COMMA = YES;
				CLANG_WARN_CONSTANT_CONVERSION = YES;
				CLANG_WARN_DEPRECATED_OBJC_IMPLEMENTATIONS = YES;
				CLANG_WARN_DIRECT_OBJC_ISA_USAGE = YES_ERROR;
				CLANG_WARN_DOCUMENTATION_COMMENTS = YES;
				CLANG_WARN_EMPTY_BODY = YES;
				CLANG_WARN_ENUM_CONVERSION = YES;
				CLANG_WARN_INFINITE_RECURSION = YES;
				CLANG_WARN_INT_CONVERSION = YES;
				CLANG_WARN_NON_LITERAL_NULL_CONVERSION = YES;
				CLANG_WARN_OBJC_IMPLICIT_RETAIN_SELF = YES;
				CLANG_WARN_OBJC_LITERAL_CONVERSION = YES;
				CLANG_WARN_OBJC_ROOT_CLASS = YES_ERROR;
				CLANG_WARN_RANGE_LOOP_ANALYSIS = YES;
				CLANG_WARN_STRICT_PROTOTYPES = YES;
				CLANG_WARN_SUSPICIOUS_MOVE = YES;
				CLANG_WARN_UNGUARDED_AVAILABILITY = YES_AGGRESSIVE;
				CLANG_WARN_UNREACHABLE_CODE = YES;
				CLANG_WARN__DUPLICATE_METHOD_MATCH = YES;
				COPY_PHASE_STRIP = NO;
				DEBUG_INFORMATION_FORMAT = dwarf;
				ENABLE_STRICT_OBJC_MSGSEND = YES;
				ENABLE_TESTABILITY = YES;
				GCC_C_LANGUAGE_STANDARD = gnu11;
				GCC_DYNAMIC_NO_PIC = NO;
				GCC_NO_COMMON_BLOCKS = YES;
				GCC_OPTIMIZATION_LEVEL = 0;
				GCC_PREPROCESSOR_DEFINITIONS = (
					"DEBUG=1",
					"$(inherited)",
				);
				GCC_WARN_64_TO_32_BIT_CONVERSION = YES;
				GCC_WARN_ABOUT_RETURN_TYPE = YES_ERROR;
				GCC_WARN_UNDECLARED_SELECTOR = YES;
				GCC_WARN_UNINITIALIZED_AUTOS = YES_AGGRESSIVE;
				GCC_WARN_UNUSED_FUNCTION = YES;
				GCC_WARN_UNUSED_VARIABLE = YES;
				IPHONEOS_DEPLOYMENT_TARGET = 13.2;
				MTL_ENABLE_DEBUG_INFO = INCLUDE_SOURCE;
				MTL_FAST_MATH = YES;
				ONLY_ACTIVE_ARCH = YES;
				SDKROOT = iphoneos;
				SWIFT_ACTIVE_COMPILATION_CONDITIONS = DEBUG;
				SWIFT_OPTIMIZATION_LEVEL = "-Onone";
			};
			name = DEV;
		};
		D5021F4623F7FE7A00DB2C4B /* PRODUCTION */ = {
			isa = XCBuildConfiguration;
			buildSettings = {
				ALWAYS_SEARCH_USER_PATHS = NO;
				CLANG_ANALYZER_NONNULL = YES;
				CLANG_ANALYZER_NUMBER_OBJECT_CONVERSION = YES_AGGRESSIVE;
				CLANG_CXX_LANGUAGE_STANDARD = "gnu++14";
				CLANG_CXX_LIBRARY = "libc++";
				CLANG_ENABLE_MODULES = YES;
				CLANG_ENABLE_OBJC_ARC = YES;
				CLANG_ENABLE_OBJC_WEAK = YES;
				CLANG_WARN_BLOCK_CAPTURE_AUTORELEASING = YES;
				CLANG_WARN_BOOL_CONVERSION = YES;
				CLANG_WARN_COMMA = YES;
				CLANG_WARN_CONSTANT_CONVERSION = YES;
				CLANG_WARN_DEPRECATED_OBJC_IMPLEMENTATIONS = YES;
				CLANG_WARN_DIRECT_OBJC_ISA_USAGE = YES_ERROR;
				CLANG_WARN_DOCUMENTATION_COMMENTS = YES;
				CLANG_WARN_EMPTY_BODY = YES;
				CLANG_WARN_ENUM_CONVERSION = YES;
				CLANG_WARN_INFINITE_RECURSION = YES;
				CLANG_WARN_INT_CONVERSION = YES;
				CLANG_WARN_NON_LITERAL_NULL_CONVERSION = YES;
				CLANG_WARN_OBJC_IMPLICIT_RETAIN_SELF = YES;
				CLANG_WARN_OBJC_LITERAL_CONVERSION = YES;
				CLANG_WARN_OBJC_ROOT_CLASS = YES_ERROR;
				CLANG_WARN_RANGE_LOOP_ANALYSIS = YES;
				CLANG_WARN_STRICT_PROTOTYPES = YES;
				CLANG_WARN_SUSPICIOUS_MOVE = YES;
				CLANG_WARN_UNGUARDED_AVAILABILITY = YES_AGGRESSIVE;
				CLANG_WARN_UNREACHABLE_CODE = YES;
				CLANG_WARN__DUPLICATE_METHOD_MATCH = YES;
				COPY_PHASE_STRIP = NO;
				DEBUG_INFORMATION_FORMAT = "dwarf-with-dsym";
				ENABLE_NS_ASSERTIONS = NO;
				ENABLE_STRICT_OBJC_MSGSEND = YES;
				GCC_C_LANGUAGE_STANDARD = gnu11;
				GCC_NO_COMMON_BLOCKS = YES;
				GCC_WARN_64_TO_32_BIT_CONVERSION = YES;
				GCC_WARN_ABOUT_RETURN_TYPE = YES_ERROR;
				GCC_WARN_UNDECLARED_SELECTOR = YES;
				GCC_WARN_UNINITIALIZED_AUTOS = YES_AGGRESSIVE;
				GCC_WARN_UNUSED_FUNCTION = YES;
				GCC_WARN_UNUSED_VARIABLE = YES;
				IPHONEOS_DEPLOYMENT_TARGET = 13.2;
				MTL_ENABLE_DEBUG_INFO = NO;
				MTL_FAST_MATH = YES;
				SDKROOT = iphoneos;
				SWIFT_COMPILATION_MODE = wholemodule;
				SWIFT_OPTIMIZATION_LEVEL = "-O";
				VALIDATE_PRODUCT = YES;
			};
			name = PRODUCTION;
		};
		D5021F4823F7FE7A00DB2C4B /* DEV */ = {
			isa = XCBuildConfiguration;
			baseConfigurationReference = EDAEE05F0BAA3728D4B56366 /* Pods-ethereum-signer.dev.xcconfig */;
			buildSettings = {
				ASSETCATALOG_COMPILER_APPICON_NAME = "AppIcon$(ENVIRONMENT_IDENTIFIER)";
				CODE_SIGN_STYLE = Automatic;
				DEVELOPMENT_TEAM = 9MXB9EHJSS;
				ENVIRONMENT_IDENTIFIER = "-dev";
				INFOPLIST_FILE = "ethereum-signer/Supporting Files/Info.plist";
				LD_RUNPATH_SEARCH_PATHS = (
					"$(inherited)",
					"@executable_path/Frameworks",
				);
				PRODUCT_BUNDLE_IDENTIFIER = "com.parthadroja.ethereum-signer$(ENVIRONMENT_IDENTIFIER)";
				PRODUCT_NAME = "$(TARGET_NAME)";
				SWIFT_VERSION = 5.0;
				TARGETED_DEVICE_FAMILY = 1;
			};
			name = DEV;
		};
		D5021F4923F7FE7A00DB2C4B /* PRODUCTION */ = {
			isa = XCBuildConfiguration;
			baseConfigurationReference = 30B6073D35840E9BCC8FE650 /* Pods-ethereum-signer.production.xcconfig */;
			buildSettings = {
				ASSETCATALOG_COMPILER_APPICON_NAME = "AppIcon$(ENVIRONMENT_IDENTIFIER)";
				CODE_SIGN_STYLE = Automatic;
				DEVELOPMENT_TEAM = 9MXB9EHJSS;
				ENVIRONMENT_IDENTIFIER = "";
				INFOPLIST_FILE = "ethereum-signer/Supporting Files/Info.plist";
				LD_RUNPATH_SEARCH_PATHS = (
					"$(inherited)",
					"@executable_path/Frameworks",
				);
				PRODUCT_BUNDLE_IDENTIFIER = "com.parthadroja.ethereum-signer$(ENVIRONMENT_IDENTIFIER)";
				PRODUCT_NAME = "$(TARGET_NAME)";
				SWIFT_VERSION = 5.0;
				TARGETED_DEVICE_FAMILY = 1;
			};
			name = PRODUCTION;
		};
		D5021F4B23F7FE7A00DB2C4B /* DEV */ = {
			isa = XCBuildConfiguration;
			baseConfigurationReference = 72F0A25C0BFC77003FCEE308 /* Pods-ethereum-signerTests.dev.xcconfig */;
			buildSettings = {
				ALWAYS_EMBED_SWIFT_STANDARD_LIBRARIES = YES;
				BUNDLE_LOADER = "$(TEST_HOST)";
				CODE_SIGN_STYLE = Automatic;
				DEVELOPMENT_TEAM = 9MXB9EHJSS;
				INFOPLIST_FILE = "ethereum-signerTests/Info.plist";
				IPHONEOS_DEPLOYMENT_TARGET = 13.2;
				LD_RUNPATH_SEARCH_PATHS = (
					"$(inherited)",
					"@executable_path/Frameworks",
					"@loader_path/Frameworks",
				);
				PRODUCT_BUNDLE_IDENTIFIER = "com.parthadroja.ethereum-signerTests";
				PRODUCT_NAME = "$(TARGET_NAME)";
				SWIFT_VERSION = 5.0;
				TARGETED_DEVICE_FAMILY = "1,2";
				TEST_HOST = "$(BUILT_PRODUCTS_DIR)/ethereum-signer.app/ethereum-signer";
			};
			name = DEV;
		};
		D5021F4C23F7FE7A00DB2C4B /* PRODUCTION */ = {
			isa = XCBuildConfiguration;
			baseConfigurationReference = F7DA8DFF33C484FE1F619720 /* Pods-ethereum-signerTests.production.xcconfig */;
			buildSettings = {
				ALWAYS_EMBED_SWIFT_STANDARD_LIBRARIES = YES;
				BUNDLE_LOADER = "$(TEST_HOST)";
				CODE_SIGN_STYLE = Automatic;
				DEVELOPMENT_TEAM = 9MXB9EHJSS;
				INFOPLIST_FILE = "ethereum-signerTests/Info.plist";
				IPHONEOS_DEPLOYMENT_TARGET = 13.2;
				LD_RUNPATH_SEARCH_PATHS = (
					"$(inherited)",
					"@executable_path/Frameworks",
					"@loader_path/Frameworks",
				);
				PRODUCT_BUNDLE_IDENTIFIER = "com.parthadroja.ethereum-signerTests";
				PRODUCT_NAME = "$(TARGET_NAME)";
				SWIFT_VERSION = 5.0;
				TARGETED_DEVICE_FAMILY = "1,2";
				TEST_HOST = "$(BUILT_PRODUCTS_DIR)/ethereum-signer.app/ethereum-signer";
			};
			name = PRODUCTION;
		};
		D5021F4E23F7FE7A00DB2C4B /* DEV */ = {
			isa = XCBuildConfiguration;
			baseConfigurationReference = BA29F970BBBDBCB934DD82F0 /* Pods-ethereum-signer-ethereum-signerUITests.dev.xcconfig */;
			buildSettings = {
				ALWAYS_EMBED_SWIFT_STANDARD_LIBRARIES = YES;
				CODE_SIGN_STYLE = Automatic;
				DEVELOPMENT_TEAM = 9MXB9EHJSS;
				INFOPLIST_FILE = "ethereum-signerUITests/Info.plist";
				LD_RUNPATH_SEARCH_PATHS = (
					"$(inherited)",
					"@executable_path/Frameworks",
					"@loader_path/Frameworks",
				);
				PRODUCT_BUNDLE_IDENTIFIER = "com.parthadroja.ethereum-signerUITests";
				PRODUCT_NAME = "$(TARGET_NAME)";
				SWIFT_VERSION = 5.0;
				TARGETED_DEVICE_FAMILY = "1,2";
				TEST_TARGET_NAME = "ethereum-signer";
			};
			name = DEV;
		};
		D5021F4F23F7FE7A00DB2C4B /* PRODUCTION */ = {
			isa = XCBuildConfiguration;
			baseConfigurationReference = 732DB71BC4A471AB4A69F76B /* Pods-ethereum-signer-ethereum-signerUITests.production.xcconfig */;
			buildSettings = {
				ALWAYS_EMBED_SWIFT_STANDARD_LIBRARIES = YES;
				CODE_SIGN_STYLE = Automatic;
				DEVELOPMENT_TEAM = 9MXB9EHJSS;
				INFOPLIST_FILE = "ethereum-signerUITests/Info.plist";
				LD_RUNPATH_SEARCH_PATHS = (
					"$(inherited)",
					"@executable_path/Frameworks",
					"@loader_path/Frameworks",
				);
				PRODUCT_BUNDLE_IDENTIFIER = "com.parthadroja.ethereum-signerUITests";
				PRODUCT_NAME = "$(TARGET_NAME)";
				SWIFT_VERSION = 5.0;
				TARGETED_DEVICE_FAMILY = "1,2";
				TEST_TARGET_NAME = "ethereum-signer";
			};
			name = PRODUCTION;
		};
		D5021F5A23F8074200DB2C4B /* SIT */ = {
			isa = XCBuildConfiguration;
			buildSettings = {
				ALWAYS_SEARCH_USER_PATHS = NO;
				CLANG_ANALYZER_NONNULL = YES;
				CLANG_ANALYZER_NUMBER_OBJECT_CONVERSION = YES_AGGRESSIVE;
				CLANG_CXX_LANGUAGE_STANDARD = "gnu++14";
				CLANG_CXX_LIBRARY = "libc++";
				CLANG_ENABLE_MODULES = YES;
				CLANG_ENABLE_OBJC_ARC = YES;
				CLANG_ENABLE_OBJC_WEAK = YES;
				CLANG_WARN_BLOCK_CAPTURE_AUTORELEASING = YES;
				CLANG_WARN_BOOL_CONVERSION = YES;
				CLANG_WARN_COMMA = YES;
				CLANG_WARN_CONSTANT_CONVERSION = YES;
				CLANG_WARN_DEPRECATED_OBJC_IMPLEMENTATIONS = YES;
				CLANG_WARN_DIRECT_OBJC_ISA_USAGE = YES_ERROR;
				CLANG_WARN_DOCUMENTATION_COMMENTS = YES;
				CLANG_WARN_EMPTY_BODY = YES;
				CLANG_WARN_ENUM_CONVERSION = YES;
				CLANG_WARN_INFINITE_RECURSION = YES;
				CLANG_WARN_INT_CONVERSION = YES;
				CLANG_WARN_NON_LITERAL_NULL_CONVERSION = YES;
				CLANG_WARN_OBJC_IMPLICIT_RETAIN_SELF = YES;
				CLANG_WARN_OBJC_LITERAL_CONVERSION = YES;
				CLANG_WARN_OBJC_ROOT_CLASS = YES_ERROR;
				CLANG_WARN_RANGE_LOOP_ANALYSIS = YES;
				CLANG_WARN_STRICT_PROTOTYPES = YES;
				CLANG_WARN_SUSPICIOUS_MOVE = YES;
				CLANG_WARN_UNGUARDED_AVAILABILITY = YES_AGGRESSIVE;
				CLANG_WARN_UNREACHABLE_CODE = YES;
				CLANG_WARN__DUPLICATE_METHOD_MATCH = YES;
				COPY_PHASE_STRIP = NO;
				DEBUG_INFORMATION_FORMAT = dwarf;
				ENABLE_STRICT_OBJC_MSGSEND = YES;
				ENABLE_TESTABILITY = YES;
				GCC_C_LANGUAGE_STANDARD = gnu11;
				GCC_DYNAMIC_NO_PIC = NO;
				GCC_NO_COMMON_BLOCKS = YES;
				GCC_OPTIMIZATION_LEVEL = 0;
				GCC_PREPROCESSOR_DEFINITIONS = (
					"DEBUG=1",
					"$(inherited)",
				);
				GCC_WARN_64_TO_32_BIT_CONVERSION = YES;
				GCC_WARN_ABOUT_RETURN_TYPE = YES_ERROR;
				GCC_WARN_UNDECLARED_SELECTOR = YES;
				GCC_WARN_UNINITIALIZED_AUTOS = YES_AGGRESSIVE;
				GCC_WARN_UNUSED_FUNCTION = YES;
				GCC_WARN_UNUSED_VARIABLE = YES;
				IPHONEOS_DEPLOYMENT_TARGET = 13.2;
				MTL_ENABLE_DEBUG_INFO = INCLUDE_SOURCE;
				MTL_FAST_MATH = YES;
				ONLY_ACTIVE_ARCH = YES;
				SDKROOT = iphoneos;
				SWIFT_ACTIVE_COMPILATION_CONDITIONS = DEBUG;
				SWIFT_OPTIMIZATION_LEVEL = "-Onone";
			};
			name = SIT;
		};
		D5021F5B23F8074200DB2C4B /* SIT */ = {
			isa = XCBuildConfiguration;
			baseConfigurationReference = 24B9BBA73F118E4DA91BA580 /* Pods-ethereum-signer.sit.xcconfig */;
			buildSettings = {
				ASSETCATALOG_COMPILER_APPICON_NAME = "AppIcon$(ENVIRONMENT_IDENTIFIER)";
				CODE_SIGN_STYLE = Automatic;
				DEVELOPMENT_TEAM = 9MXB9EHJSS;
				ENVIRONMENT_IDENTIFIER = "-sit";
				INFOPLIST_FILE = "ethereum-signer/Supporting Files/Info.plist";
				LD_RUNPATH_SEARCH_PATHS = (
					"$(inherited)",
					"@executable_path/Frameworks",
				);
				PRODUCT_BUNDLE_IDENTIFIER = "com.parthadroja.ethereum-signer$(ENVIRONMENT_IDENTIFIER)";
				PRODUCT_NAME = "$(TARGET_NAME)";
				SWIFT_VERSION = 5.0;
				TARGETED_DEVICE_FAMILY = 1;
			};
			name = SIT;
		};
		D5021F5C23F8074200DB2C4B /* SIT */ = {
			isa = XCBuildConfiguration;
			baseConfigurationReference = BFB8A36FBF72AF3ED0528386 /* Pods-ethereum-signerTests.sit.xcconfig */;
			buildSettings = {
				ALWAYS_EMBED_SWIFT_STANDARD_LIBRARIES = YES;
				BUNDLE_LOADER = "$(TEST_HOST)";
				CODE_SIGN_STYLE = Automatic;
				DEVELOPMENT_TEAM = 9MXB9EHJSS;
				INFOPLIST_FILE = "ethereum-signerTests/Info.plist";
				IPHONEOS_DEPLOYMENT_TARGET = 13.2;
				LD_RUNPATH_SEARCH_PATHS = (
					"$(inherited)",
					"@executable_path/Frameworks",
					"@loader_path/Frameworks",
				);
				PRODUCT_BUNDLE_IDENTIFIER = "com.parthadroja.ethereum-signerTests";
				PRODUCT_NAME = "$(TARGET_NAME)";
				SWIFT_VERSION = 5.0;
				TARGETED_DEVICE_FAMILY = "1,2";
				TEST_HOST = "$(BUILT_PRODUCTS_DIR)/ethereum-signer.app/ethereum-signer";
			};
			name = SIT;
		};
		D5021F5D23F8074200DB2C4B /* SIT */ = {
			isa = XCBuildConfiguration;
			baseConfigurationReference = A43203995A22B8AE9BDA0DC2 /* Pods-ethereum-signer-ethereum-signerUITests.sit.xcconfig */;
			buildSettings = {
				ALWAYS_EMBED_SWIFT_STANDARD_LIBRARIES = YES;
				CODE_SIGN_STYLE = Automatic;
				DEVELOPMENT_TEAM = 9MXB9EHJSS;
				INFOPLIST_FILE = "ethereum-signerUITests/Info.plist";
				LD_RUNPATH_SEARCH_PATHS = (
					"$(inherited)",
					"@executable_path/Frameworks",
					"@loader_path/Frameworks",
				);
				PRODUCT_BUNDLE_IDENTIFIER = "com.parthadroja.ethereum-signerUITests";
				PRODUCT_NAME = "$(TARGET_NAME)";
				SWIFT_VERSION = 5.0;
				TARGETED_DEVICE_FAMILY = "1,2";
				TEST_TARGET_NAME = "ethereum-signer";
			};
			name = SIT;
		};
		D5021F5E23F8078000DB2C4B /* UAT */ = {
			isa = XCBuildConfiguration;
			buildSettings = {
				ALWAYS_SEARCH_USER_PATHS = NO;
				CLANG_ANALYZER_NONNULL = YES;
				CLANG_ANALYZER_NUMBER_OBJECT_CONVERSION = YES_AGGRESSIVE;
				CLANG_CXX_LANGUAGE_STANDARD = "gnu++14";
				CLANG_CXX_LIBRARY = "libc++";
				CLANG_ENABLE_MODULES = YES;
				CLANG_ENABLE_OBJC_ARC = YES;
				CLANG_ENABLE_OBJC_WEAK = YES;
				CLANG_WARN_BLOCK_CAPTURE_AUTORELEASING = YES;
				CLANG_WARN_BOOL_CONVERSION = YES;
				CLANG_WARN_COMMA = YES;
				CLANG_WARN_CONSTANT_CONVERSION = YES;
				CLANG_WARN_DEPRECATED_OBJC_IMPLEMENTATIONS = YES;
				CLANG_WARN_DIRECT_OBJC_ISA_USAGE = YES_ERROR;
				CLANG_WARN_DOCUMENTATION_COMMENTS = YES;
				CLANG_WARN_EMPTY_BODY = YES;
				CLANG_WARN_ENUM_CONVERSION = YES;
				CLANG_WARN_INFINITE_RECURSION = YES;
				CLANG_WARN_INT_CONVERSION = YES;
				CLANG_WARN_NON_LITERAL_NULL_CONVERSION = YES;
				CLANG_WARN_OBJC_IMPLICIT_RETAIN_SELF = YES;
				CLANG_WARN_OBJC_LITERAL_CONVERSION = YES;
				CLANG_WARN_OBJC_ROOT_CLASS = YES_ERROR;
				CLANG_WARN_RANGE_LOOP_ANALYSIS = YES;
				CLANG_WARN_STRICT_PROTOTYPES = YES;
				CLANG_WARN_SUSPICIOUS_MOVE = YES;
				CLANG_WARN_UNGUARDED_AVAILABILITY = YES_AGGRESSIVE;
				CLANG_WARN_UNREACHABLE_CODE = YES;
				CLANG_WARN__DUPLICATE_METHOD_MATCH = YES;
				COPY_PHASE_STRIP = NO;
				DEBUG_INFORMATION_FORMAT = dwarf;
				ENABLE_STRICT_OBJC_MSGSEND = YES;
				ENABLE_TESTABILITY = YES;
				GCC_C_LANGUAGE_STANDARD = gnu11;
				GCC_DYNAMIC_NO_PIC = NO;
				GCC_NO_COMMON_BLOCKS = YES;
				GCC_OPTIMIZATION_LEVEL = 0;
				GCC_PREPROCESSOR_DEFINITIONS = (
					"DEBUG=1",
					"$(inherited)",
				);
				GCC_WARN_64_TO_32_BIT_CONVERSION = YES;
				GCC_WARN_ABOUT_RETURN_TYPE = YES_ERROR;
				GCC_WARN_UNDECLARED_SELECTOR = YES;
				GCC_WARN_UNINITIALIZED_AUTOS = YES_AGGRESSIVE;
				GCC_WARN_UNUSED_FUNCTION = YES;
				GCC_WARN_UNUSED_VARIABLE = YES;
				IPHONEOS_DEPLOYMENT_TARGET = 13.2;
				MTL_ENABLE_DEBUG_INFO = INCLUDE_SOURCE;
				MTL_FAST_MATH = YES;
				ONLY_ACTIVE_ARCH = YES;
				SDKROOT = iphoneos;
				SWIFT_ACTIVE_COMPILATION_CONDITIONS = DEBUG;
				SWIFT_OPTIMIZATION_LEVEL = "-Onone";
			};
			name = UAT;
		};
		D5021F5F23F8078000DB2C4B /* UAT */ = {
			isa = XCBuildConfiguration;
			baseConfigurationReference = 22D874946C1F52C3644C4E06 /* Pods-ethereum-signer.uat.xcconfig */;
			buildSettings = {
				ASSETCATALOG_COMPILER_APPICON_NAME = "AppIcon$(ENVIRONMENT_IDENTIFIER)";
				CODE_SIGN_STYLE = Automatic;
				DEVELOPMENT_TEAM = 9MXB9EHJSS;
				ENVIRONMENT_IDENTIFIER = "-uat";
				INFOPLIST_FILE = "ethereum-signer/Supporting Files/Info.plist";
				LD_RUNPATH_SEARCH_PATHS = (
					"$(inherited)",
					"@executable_path/Frameworks",
				);
				PRODUCT_BUNDLE_IDENTIFIER = "com.parthadroja.ethereum-signer$(ENVIRONMENT_IDENTIFIER)";
				PRODUCT_NAME = "$(TARGET_NAME)";
				SWIFT_VERSION = 5.0;
				TARGETED_DEVICE_FAMILY = 1;
			};
			name = UAT;
		};
		D5021F6023F8078000DB2C4B /* UAT */ = {
			isa = XCBuildConfiguration;
			baseConfigurationReference = E0985B6DAA1DDE8B0FB4C7D9 /* Pods-ethereum-signerTests.uat.xcconfig */;
			buildSettings = {
				ALWAYS_EMBED_SWIFT_STANDARD_LIBRARIES = YES;
				BUNDLE_LOADER = "$(TEST_HOST)";
				CODE_SIGN_STYLE = Automatic;
				DEVELOPMENT_TEAM = 9MXB9EHJSS;
				INFOPLIST_FILE = "ethereum-signerTests/Info.plist";
				IPHONEOS_DEPLOYMENT_TARGET = 13.2;
				LD_RUNPATH_SEARCH_PATHS = (
					"$(inherited)",
					"@executable_path/Frameworks",
					"@loader_path/Frameworks",
				);
				PRODUCT_BUNDLE_IDENTIFIER = "com.parthadroja.ethereum-signerTests";
				PRODUCT_NAME = "$(TARGET_NAME)";
				SWIFT_VERSION = 5.0;
				TARGETED_DEVICE_FAMILY = "1,2";
				TEST_HOST = "$(BUILT_PRODUCTS_DIR)/ethereum-signer.app/ethereum-signer";
			};
			name = UAT;
		};
		D5021F6123F8078000DB2C4B /* UAT */ = {
			isa = XCBuildConfiguration;
			baseConfigurationReference = C41CC63A651FADEFF1AA72FF /* Pods-ethereum-signer-ethereum-signerUITests.uat.xcconfig */;
			buildSettings = {
				ALWAYS_EMBED_SWIFT_STANDARD_LIBRARIES = YES;
				CODE_SIGN_STYLE = Automatic;
				DEVELOPMENT_TEAM = 9MXB9EHJSS;
				INFOPLIST_FILE = "ethereum-signerUITests/Info.plist";
				LD_RUNPATH_SEARCH_PATHS = (
					"$(inherited)",
					"@executable_path/Frameworks",
					"@loader_path/Frameworks",
				);
				PRODUCT_BUNDLE_IDENTIFIER = "com.parthadroja.ethereum-signerUITests";
				PRODUCT_NAME = "$(TARGET_NAME)";
				SWIFT_VERSION = 5.0;
				TARGETED_DEVICE_FAMILY = "1,2";
				TEST_TARGET_NAME = "ethereum-signer";
			};
			name = UAT;
		};
/* End XCBuildConfiguration section */

/* Begin XCConfigurationList section */
		D5021F1823F7FE7900DB2C4B /* Build configuration list for PBXProject "ethereum-signer" */ = {
			isa = XCConfigurationList;
			buildConfigurations = (
				D5021F4523F7FE7A00DB2C4B /* DEV */,
				D5021F5E23F8078000DB2C4B /* UAT */,
				D5021F5A23F8074200DB2C4B /* SIT */,
				D5021F4623F7FE7A00DB2C4B /* PRODUCTION */,
			);
			defaultConfigurationIsVisible = 0;
			defaultConfigurationName = PRODUCTION;
		};
		D5021F4723F7FE7A00DB2C4B /* Build configuration list for PBXNativeTarget "ethereum-signer" */ = {
			isa = XCConfigurationList;
			buildConfigurations = (
				D5021F4823F7FE7A00DB2C4B /* DEV */,
				D5021F5F23F8078000DB2C4B /* UAT */,
				D5021F5B23F8074200DB2C4B /* SIT */,
				D5021F4923F7FE7A00DB2C4B /* PRODUCTION */,
			);
			defaultConfigurationIsVisible = 0;
			defaultConfigurationName = PRODUCTION;
		};
		D5021F4A23F7FE7A00DB2C4B /* Build configuration list for PBXNativeTarget "ethereum-signerTests" */ = {
			isa = XCConfigurationList;
			buildConfigurations = (
				D5021F4B23F7FE7A00DB2C4B /* DEV */,
				D5021F6023F8078000DB2C4B /* UAT */,
				D5021F5C23F8074200DB2C4B /* SIT */,
				D5021F4C23F7FE7A00DB2C4B /* PRODUCTION */,
			);
			defaultConfigurationIsVisible = 0;
			defaultConfigurationName = PRODUCTION;
		};
		D5021F4D23F7FE7A00DB2C4B /* Build configuration list for PBXNativeTarget "ethereum-signerUITests" */ = {
			isa = XCConfigurationList;
			buildConfigurations = (
				D5021F4E23F7FE7A00DB2C4B /* DEV */,
				D5021F6123F8078000DB2C4B /* UAT */,
				D5021F5D23F8074200DB2C4B /* SIT */,
				D5021F4F23F7FE7A00DB2C4B /* PRODUCTION */,
			);
			defaultConfigurationIsVisible = 0;
			defaultConfigurationName = PRODUCTION;
		};
/* End XCConfigurationList section */
	};
	rootObject = D5021F1523F7FE7900DB2C4B /* Project object */;
}
