PODS:
  - BigInt (4.0.0)
  - CryptoSwift (1.3.0)
  - secp256k1.swift (0.1.4)
  - SwiftLint (0.39.1)
  - Web3 (0.4.2):
    - Web3/Core (= 0.4.2)
    - Web3/HTTPExtension (= 0.4.2)
  - Web3/Core (0.4.2):
    - BigInt (~> 4.0)
    - CryptoSwift (~> 1.0)
    - secp256k1.swift (~> 0.1)
  - Web3/HTTPExtension (0.4.2):
    - Web3/Core

DEPENDENCIES:
  - SwiftLint
  - Web3 (~> 0.4)

SPEC REPOS:
  trunk:
    - BigInt
    - CryptoSwift
    - secp256k1.swift
    - SwiftLint
    - Web3

SPEC CHECKSUMS:
  BigInt: 2aad1a9942dc932ec8b84290d2c564a3d76f97ab
  CryptoSwift: 1283821600233bdbeb96d7b389c3288c3bf77211
  secp256k1.swift: a7e7a214f6db6ce5db32cc6b2b45e5c4dd633634
  SwiftLint: 55e96a4a4d537d4a3156859fc1c54bd24851a046
  Web3: 7b2c30f98f24cc290bc671ab525d7a30a2afbc73

PODFILE CHECKSUM: e21e8722c1971df397f1fd63e62695c865f3ce1c

COCOAPODS: 1.8.4
